
Microsoft Visual Studio Solution File, Format Version 12.00
# Visual Studio Version 17
VisualStudioVersion = 17.8.34511.84
MinimumVisualStudioVersion = 10.0.40219.1
Project("{2150E333-8FDC-42A3-9474-1A3956D46DE8}") = "Services", "Services", "{7FC06BC6-BCF2-41E2-BBDA-141389C5D693}"
EndProject
Project("{2150E333-8FDC-42A3-9474-1A3956D46DE8}") = "Catalog", "Catalog", "{489F52BB-D201-490A-A719-F9F82B2913A1}"
EndProject
Project("{FAE04EC0-301F-11D3-BF4B-00C04F79EFBC}") = "MultiShop.Catalog", "..\Services\Catalog\MultiShop.Catalog\MultiShop.Catalog.csproj", "{B2AC1D14-DCE6-41D7-ABBA-C9FC7FA2324F}"
EndProject
Global
	GlobalSection(SolutionConfigurationPlatforms) = preSolution
		Debug|Any CPU = Debug|Any CPU
		Release|Any CPU = Release|Any CPU
	EndGlobalSection
	GlobalSection(ProjectConfigurationPlatforms) = postSolution
		{B2AC1D14-DCE6-41D7-ABBA-C9FC7FA2324F}.Debug|Any CPU.ActiveCfg = Debug|Any CPU
		{B2AC1D14-DCE6-41D7-ABBA-C9FC7FA2324F}.Debug|Any CPU.Build.0 = Debug|Any CPU
		{B2AC1D14-DCE6-41D7-ABBA-C9FC7FA2324F}.Release|Any CPU.ActiveCfg = Release|Any CPU
		{B2AC1D14-DCE6-41D7-ABBA-C9FC7FA2324F}.Release|Any CPU.Build.0 = Release|Any CPU
	EndGlobalSection
	GlobalSection(SolutionProperties) = preSolution
		HideSolutionNode = FALSE
	EndGlobalSection
	GlobalSection(NestedProjects) = preSolution
		{489F52BB-D201-490A-A719-F9F82B2913A1} = {7FC06BC6-BCF2-41E2-BBDA-141389C5D693}
		{B2AC1D14-DCE6-41D7-ABBA-C9FC7FA2324F} = {489F52BB-D201-490A-A719-F9F82B2913A1}
	EndGlobalSection
	GlobalSection(ExtensibilityGlobals) = postSolution
		SolutionGuid = {D4CCE4AA-659D-4540-8EF1-C6CEA33DCACA}
	EndGlobalSection
EndGlobal
